
Microsoft Visual Studio Solution File, Format Version 12.00
# Visual Studio Version 16
Project("{2150E333-8FDC-42A3-9474-1A3956D46DE8}") = "CMakePredefinedTargets", "CMakePredefinedTargets", "{235F5059-EE8E-380F-8D47-F220476106A5}"
EndProject
Project("{2150E333-8FDC-42A3-9474-1A3956D46DE8}") = "External", "External", "{CD8AB05E-B135-36D5-9E66-3733642E4D89}"
EndProject
Project("{2150E333-8FDC-42A3-9474-1A3956D46DE8}") = "Internal", "Internal", "{FEB26EBF-5186-3A22-8309-B4B431F66DC8}"
EndProject
Project("{2150E333-8FDC-42A3-9474-1A3956D46DE8}") = "Utils", "Utils", "{5038B07D-78DE-359F-97D3-BD36BF73DD5A}"
EndProject
Project("{8BC9CEB8-8B4A-11D0-8D11-00A0C91BC942}") = "ALL_BUILD", "ALL_BUILD.vcxproj", "{F0D564ED-0834-3895-9E41-94D6F3723EF6}"
	ProjectSection(ProjectDependencies) = postProject
		{0FD5CA5A-D254-3A55-A28E-09258548566B} = {0FD5CA5A-D254-3A55-A28E-09258548566B}
		{84AFCE33-18D4-3C9D-B35C-0314FD398A5D} = {84AFCE33-18D4-3C9D-B35C-0314FD398A5D}
		{BCBA8F5C-E450-33DC-9B28-5968F94AFAB7} = {BCBA8F5C-E450-33DC-9B28-5968F94AFAB7}
		{49887B5A-40BF-39D1-BD58-EA98C3449109} = {49887B5A-40BF-39D1-BD58-EA98C3449109}
		{B6125CB2-1AF6-3B9D-85FB-B1553AF1E517} = {B6125CB2-1AF6-3B9D-85FB-B1553AF1E517}
		{A79BDEC1-4BFD-33EC-A9CA-4C2915B22E08} = {A79BDEC1-4BFD-33EC-A9CA-4C2915B22E08}
		{47173E4C-43E2-320B-B609-AEFE33C719A2} = {47173E4C-43E2-320B-B609-AEFE33C719A2}
		{C266FCE8-90D1-3259-A587-44C5DA424547} = {C266FCE8-90D1-3259-A587-44C5DA424547}
		{616F1961-942B-318B-BF72-E0B21CDAFBAA} = {616F1961-942B-318B-BF72-E0B21CDAFBAA}
		{A8F30942-8F12-348D-BC66-19C3C8A5FDA3} = {A8F30942-8F12-348D-BC66-19C3C8A5FDA3}
		{11195B27-44D9-385F-9DC2-4239844F30D6} = {11195B27-44D9-385F-9DC2-4239844F30D6}
		{2CC6CE81-E318-39E8-A84F-ECE0B94EEEEB} = {2CC6CE81-E318-39E8-A84F-ECE0B94EEEEB}
		{BE145516-4130-3A73-BF65-FCDDD15DB706} = {BE145516-4130-3A73-BF65-FCDDD15DB706}
		{8484AD90-92CA-323F-BEDC-DD22C2F34988} = {8484AD90-92CA-323F-BEDC-DD22C2F34988}
		{0E93DBA0-5AB3-3CD8-8C5D-781B111B7729} = {0E93DBA0-5AB3-3CD8-8C5D-781B111B7729}
	EndProjectSection
EndProject
Project("{8BC9CEB8-8B4A-11D0-8D11-00A0C91BC942}") = "SYNC_RESOURCE-myproject4", "SYNC_RESOURCE-myproject4.vcxproj", "{0FD5CA5A-D254-3A55-A28E-09258548566B}"
	ProjectSection(ProjectDependencies) = postProject
		{84AFCE33-18D4-3C9D-B35C-0314FD398A5D} = {84AFCE33-18D4-3C9D-B35C-0314FD398A5D}
	EndProjectSection
EndProject
Project("{8BC9CEB8-8B4A-11D0-8D11-00A0C91BC942}") = "ZERO_CHECK", "ZERO_CHECK.vcxproj", "{84AFCE33-18D4-3C9D-B35C-0314FD398A5D}"
	ProjectSection(ProjectDependencies) = postProject
	EndProjectSection
EndProject
Project("{8BC9CEB8-8B4A-11D0-8D11-00A0C91BC942}") = "cocos2d", "engine\cocos\core\cocos2d.vcxproj", "{BCBA8F5C-E450-33DC-9B28-5968F94AFAB7}"
	ProjectSection(ProjectDependencies) = postProject
		{84AFCE33-18D4-3C9D-B35C-0314FD398A5D} = {84AFCE33-18D4-3C9D-B35C-0314FD398A5D}
		{49887B5A-40BF-39D1-BD58-EA98C3449109} = {49887B5A-40BF-39D1-BD58-EA98C3449109}
		{B6125CB2-1AF6-3B9D-85FB-B1553AF1E517} = {B6125CB2-1AF6-3B9D-85FB-B1553AF1E517}
		{A79BDEC1-4BFD-33EC-A9CA-4C2915B22E08} = {A79BDEC1-4BFD-33EC-A9CA-4C2915B22E08}
		{47173E4C-43E2-320B-B609-AEFE33C719A2} = {47173E4C-43E2-320B-B609-AEFE33C719A2}
		{C266FCE8-90D1-3259-A587-44C5DA424547} = {C266FCE8-90D1-3259-A587-44C5DA424547}
		{616F1961-942B-318B-BF72-E0B21CDAFBAA} = {616F1961-942B-318B-BF72-E0B21CDAFBAA}
		{A8F30942-8F12-348D-BC66-19C3C8A5FDA3} = {A8F30942-8F12-348D-BC66-19C3C8A5FDA3}
		{11195B27-44D9-385F-9DC2-4239844F30D6} = {11195B27-44D9-385F-9DC2-4239844F30D6}
		{2CC6CE81-E318-39E8-A84F-ECE0B94EEEEB} = {2CC6CE81-E318-39E8-A84F-ECE0B94EEEEB}
		{BE145516-4130-3A73-BF65-FCDDD15DB706} = {BE145516-4130-3A73-BF65-FCDDD15DB706}
		{8484AD90-92CA-323F-BEDC-DD22C2F34988} = {8484AD90-92CA-323F-BEDC-DD22C2F34988}
	EndProjectSection
EndProject
Project("{8BC9CEB8-8B4A-11D0-8D11-00A0C91BC942}") = "ext_clipper", "engine\external\clipper\ext_clipper.vcxproj", "{49887B5A-40BF-39D1-BD58-EA98C3449109}"
	ProjectSection(ProjectDependencies) = postProject
		{84AFCE33-18D4-3C9D-B35C-0314FD398A5D} = {84AFCE33-18D4-3C9D-B35C-0314FD398A5D}
	EndProjectSection
EndProject
Project("{8BC9CEB8-8B4A-11D0-8D11-00A0C91BC942}") = "ext_convertUTF", "engine\external\ConvertUTF\ext_convertUTF.vcxproj", "{B6125CB2-1AF6-3B9D-85FB-B1553AF1E517}"
	ProjectSection(ProjectDependencies) = postProject
		{84AFCE33-18D4-3C9D-B35C-0314FD398A5D} = {84AFCE33-18D4-3C9D-B35C-0314FD398A5D}
	EndProjectSection
EndProject
Project("{8BC9CEB8-8B4A-11D0-8D11-00A0C91BC942}") = "ext_edtaa3func", "engine\external\edtaa3func\ext_edtaa3func.vcxproj", "{A79BDEC1-4BFD-33EC-A9CA-4C2915B22E08}"
	ProjectSection(ProjectDependencies) = postProject
		{84AFCE33-18D4-3C9D-B35C-0314FD398A5D} = {84AFCE33-18D4-3C9D-B35C-0314FD398A5D}
	EndProjectSection
EndProject
Project("{8BC9CEB8-8B4A-11D0-8D11-00A0C91BC942}") = "ext_md5", "engine\external\md5\ext_md5.vcxproj", "{47173E4C-43E2-320B-B609-AEFE33C719A2}"
	ProjectSection(ProjectDependencies) = postProject
		{84AFCE33-18D4-3C9D-B35C-0314FD398A5D} = {84AFCE33-18D4-3C9D-B35C-0314FD398A5D}
	EndProjectSection
EndProject
Project("{8BC9CEB8-8B4A-11D0-8D11-00A0C91BC942}") = "ext_poly2tri", "engine\external\poly2tri\ext_poly2tri.vcxproj", "{C266FCE8-90D1-3259-A587-44C5DA424547}"
	ProjectSection(ProjectDependencies) = postProject
		{84AFCE33-18D4-3C9D-B35C-0314FD398A5D} = {84AFCE33-18D4-3C9D-B35C-0314FD398A5D}
	EndProjectSection
EndProject
Project("{8BC9CEB8-8B4A-11D0-8D11-00A0C91BC942}") = "ext_recast", "engine\external\recast\ext_recast.vcxproj", "{616F1961-942B-318B-BF72-E0B21CDAFBAA}"
	ProjectSection(ProjectDependencies) = postProject
		{84AFCE33-18D4-3C9D-B35C-0314FD398A5D} = {84AFCE33-18D4-3C9D-B35C-0314FD398A5D}
	EndProjectSection
EndProject
Project("{8BC9CEB8-8B4A-11D0-8D11-00A0C91BC942}") = "ext_tinyxml2", "engine\external\tinyxml2\ext_tinyxml2.vcxproj", "{A8F30942-8F12-348D-BC66-19C3C8A5FDA3}"
	ProjectSection(ProjectDependencies) = postProject
		{84AFCE33-18D4-3C9D-B35C-0314FD398A5D} = {84AFCE33-18D4-3C9D-B35C-0314FD398A5D}
	EndProjectSection
EndProject
Project("{8BC9CEB8-8B4A-11D0-8D11-00A0C91BC942}") = "ext_unzip", "engine\external\unzip\ext_unzip.vcxproj", "{11195B27-44D9-385F-9DC2-4239844F30D6}"
	ProjectSection(ProjectDependencies) = postProject
		{84AFCE33-18D4-3C9D-B35C-0314FD398A5D} = {84AFCE33-18D4-3C9D-B35C-0314FD398A5D}
	EndProjectSection
EndProject
Project("{8BC9CEB8-8B4A-11D0-8D11-00A0C91BC942}") = "ext_xxhash", "engine\external\xxhash\ext_xxhash.vcxproj", "{2CC6CE81-E318-39E8-A84F-ECE0B94EEEEB}"
	ProjectSection(ProjectDependencies) = postProject
		{84AFCE33-18D4-3C9D-B35C-0314FD398A5D} = {84AFCE33-18D4-3C9D-B35C-0314FD398A5D}
	EndProjectSection
EndProject
Project("{8BC9CEB8-8B4A-11D0-8D11-00A0C91BC942}") = "ext_xxtea", "engine\external\xxtea\ext_xxtea.vcxproj", "{BE145516-4130-3A73-BF65-FCDDD15DB706}"
	ProjectSection(ProjectDependencies) = postProject
		{84AFCE33-18D4-3C9D-B35C-0314FD398A5D} = {84AFCE33-18D4-3C9D-B35C-0314FD398A5D}
	EndProjectSection
EndProject
Project("{8BC9CEB8-8B4A-11D0-8D11-00A0C91BC942}") = "external", "engine\external\external.vcxproj", "{8484AD90-92CA-323F-BEDC-DD22C2F34988}"
	ProjectSection(ProjectDependencies) = postProject
		{84AFCE33-18D4-3C9D-B35C-0314FD398A5D} = {84AFCE33-18D4-3C9D-B35C-0314FD398A5D}
		{49887B5A-40BF-39D1-BD58-EA98C3449109} = {49887B5A-40BF-39D1-BD58-EA98C3449109}
		{B6125CB2-1AF6-3B9D-85FB-B1553AF1E517} = {B6125CB2-1AF6-3B9D-85FB-B1553AF1E517}
		{A79BDEC1-4BFD-33EC-A9CA-4C2915B22E08} = {A79BDEC1-4BFD-33EC-A9CA-4C2915B22E08}
		{47173E4C-43E2-320B-B609-AEFE33C719A2} = {47173E4C-43E2-320B-B609-AEFE33C719A2}
		{C266FCE8-90D1-3259-A587-44C5DA424547} = {C266FCE8-90D1-3259-A587-44C5DA424547}
		{616F1961-942B-318B-BF72-E0B21CDAFBAA} = {616F1961-942B-318B-BF72-E0B21CDAFBAA}
		{A8F30942-8F12-348D-BC66-19C3C8A5FDA3} = {A8F30942-8F12-348D-BC66-19C3C8A5FDA3}
		{11195B27-44D9-385F-9DC2-4239844F30D6} = {11195B27-44D9-385F-9DC2-4239844F30D6}
		{2CC6CE81-E318-39E8-A84F-ECE0B94EEEEB} = {2CC6CE81-E318-39E8-A84F-ECE0B94EEEEB}
		{BE145516-4130-3A73-BF65-FCDDD15DB706} = {BE145516-4130-3A73-BF65-FCDDD15DB706}
	EndProjectSection
EndProject
Project("{8BC9CEB8-8B4A-11D0-8D11-00A0C91BC942}") = "myproject4", "myproject4.vcxproj", "{0E93DBA0-5AB3-3CD8-8C5D-781B111B7729}"
	ProjectSection(ProjectDependencies) = postProject
		{0FD5CA5A-D254-3A55-A28E-09258548566B} = {0FD5CA5A-D254-3A55-A28E-09258548566B}
		{84AFCE33-18D4-3C9D-B35C-0314FD398A5D} = {84AFCE33-18D4-3C9D-B35C-0314FD398A5D}
		{BCBA8F5C-E450-33DC-9B28-5968F94AFAB7} = {BCBA8F5C-E450-33DC-9B28-5968F94AFAB7}
		{49887B5A-40BF-39D1-BD58-EA98C3449109} = {49887B5A-40BF-39D1-BD58-EA98C3449109}
		{B6125CB2-1AF6-3B9D-85FB-B1553AF1E517} = {B6125CB2-1AF6-3B9D-85FB-B1553AF1E517}
		{A79BDEC1-4BFD-33EC-A9CA-4C2915B22E08} = {A79BDEC1-4BFD-33EC-A9CA-4C2915B22E08}
		{47173E4C-43E2-320B-B609-AEFE33C719A2} = {47173E4C-43E2-320B-B609-AEFE33C719A2}
		{C266FCE8-90D1-3259-A587-44C5DA424547} = {C266FCE8-90D1-3259-A587-44C5DA424547}
		{616F1961-942B-318B-BF72-E0B21CDAFBAA} = {616F1961-942B-318B-BF72-E0B21CDAFBAA}
		{A8F30942-8F12-348D-BC66-19C3C8A5FDA3} = {A8F30942-8F12-348D-BC66-19C3C8A5FDA3}
		{11195B27-44D9-385F-9DC2-4239844F30D6} = {11195B27-44D9-385F-9DC2-4239844F30D6}
		{2CC6CE81-E318-39E8-A84F-ECE0B94EEEEB} = {2CC6CE81-E318-39E8-A84F-ECE0B94EEEEB}
		{BE145516-4130-3A73-BF65-FCDDD15DB706} = {BE145516-4130-3A73-BF65-FCDDD15DB706}
		{8484AD90-92CA-323F-BEDC-DD22C2F34988} = {8484AD90-92CA-323F-BEDC-DD22C2F34988}
	EndProjectSection
EndProject
Global
	GlobalSection(SolutionConfigurationPlatforms) = preSolution
		Debug|Win32 = Debug|Win32
		Release|Win32 = Release|Win32
		MinSizeRel|Win32 = MinSizeRel|Win32
		RelWithDebInfo|Win32 = RelWithDebInfo|Win32
	EndGlobalSection
	GlobalSection(ProjectConfigurationPlatforms) = postSolution
		{F0D564ED-0834-3895-9E41-94D6F3723EF6}.Debug|Win32.ActiveCfg = Debug|Win32
		{F0D564ED-0834-3895-9E41-94D6F3723EF6}.Release|Win32.ActiveCfg = Release|Win32
		{F0D564ED-0834-3895-9E41-94D6F3723EF6}.MinSizeRel|Win32.ActiveCfg = MinSizeRel|Win32
		{F0D564ED-0834-3895-9E41-94D6F3723EF6}.RelWithDebInfo|Win32.ActiveCfg = RelWithDebInfo|Win32
		{0FD5CA5A-D254-3A55-A28E-09258548566B}.Debug|Win32.ActiveCfg = Debug|Win32
		{0FD5CA5A-D254-3A55-A28E-09258548566B}.Debug|Win32.Build.0 = Debug|Win32
		{0FD5CA5A-D254-3A55-A28E-09258548566B}.Release|Win32.ActiveCfg = Release|Win32
		{0FD5CA5A-D254-3A55-A28E-09258548566B}.Release|Win32.Build.0 = Release|Win32
		{0FD5CA5A-D254-3A55-A28E-09258548566B}.MinSizeRel|Win32.ActiveCfg = MinSizeRel|Win32
		{0FD5CA5A-D254-3A55-A28E-09258548566B}.MinSizeRel|Win32.Build.0 = MinSizeRel|Win32
		{0FD5CA5A-D254-3A55-A28E-09258548566B}.RelWithDebInfo|Win32.ActiveCfg = RelWithDebInfo|Win32
		{0FD5CA5A-D254-3A55-A28E-09258548566B}.RelWithDebInfo|Win32.Build.0 = RelWithDebInfo|Win32
		{84AFCE33-18D4-3C9D-B35C-0314FD398A5D}.Debug|Win32.ActiveCfg = Debug|Win32
		{84AFCE33-18D4-3C9D-B35C-0314FD398A5D}.Debug|Win32.Build.0 = Debug|Win32
		{84AFCE33-18D4-3C9D-B35C-0314FD398A5D}.Release|Win32.ActiveCfg = Release|Win32
		{84AFCE33-18D4-3C9D-B35C-0314FD398A5D}.Release|Win32.Build.0 = Release|Win32
		{84AFCE33-18D4-3C9D-B35C-0314FD398A5D}.MinSizeRel|Win32.ActiveCfg = MinSizeRel|Win32
		{84AFCE33-18D4-3C9D-B35C-0314FD398A5D}.MinSizeRel|Win32.Build.0 = MinSizeRel|Win32
		{84AFCE33-18D4-3C9D-B35C-0314FD398A5D}.RelWithDebInfo|Win32.ActiveCfg = RelWithDebInfo|Win32
		{84AFCE33-18D4-3C9D-B35C-0314FD398A5D}.RelWithDebInfo|Win32.Build.0 = RelWithDebInfo|Win32
		{BCBA8F5C-E450-33DC-9B28-5968F94AFAB7}.Debug|Win32.ActiveCfg = Debug|Win32
		{BCBA8F5C-E450-33DC-9B28-5968F94AFAB7}.Debug|Win32.Build.0 = Debug|Win32
		{BCBA8F5C-E450-33DC-9B28-5968F94AFAB7}.Release|Win32.ActiveCfg = Release|Win32
		{BCBA8F5C-E450-33DC-9B28-5968F94AFAB7}.Release|Win32.Build.0 = Release|Win32
		{BCBA8F5C-E450-33DC-9B28-5968F94AFAB7}.MinSizeRel|Win32.ActiveCfg = MinSizeRel|Win32
		{BCBA8F5C-E450-33DC-9B28-5968F94AFAB7}.MinSizeRel|Win32.Build.0 = MinSizeRel|Win32
		{BCBA8F5C-E450-33DC-9B28-5968F94AFAB7}.RelWithDebInfo|Win32.ActiveCfg = RelWithDebInfo|Win32
		{BCBA8F5C-E450-33DC-9B28-5968F94AFAB7}.RelWithDebInfo|Win32.Build.0 = RelWithDebInfo|Win32
		{49887B5A-40BF-39D1-BD58-EA98C3449109}.Debug|Win32.ActiveCfg = Debug|Win32
		{49887B5A-40BF-39D1-BD58-EA98C3449109}.Debug|Win32.Build.0 = Debug|Win32
		{49887B5A-40BF-39D1-BD58-EA98C3449109}.Release|Win32.ActiveCfg = Release|Win32
		{49887B5A-40BF-39D1-BD58-EA98C3449109}.Release|Win32.Build.0 = Release|Win32
		{49887B5A-40BF-39D1-BD58-EA98C3449109}.MinSizeRel|Win32.ActiveCfg = MinSizeRel|Win32
		{49887B5A-40BF-39D1-BD58-EA98C3449109}.MinSizeRel|Win32.Build.0 = MinSizeRel|Win32
		{49887B5A-40BF-39D1-BD58-EA98C3449109}.RelWithDebInfo|Win32.ActiveCfg = RelWithDebInfo|Win32
		{49887B5A-40BF-39D1-BD58-EA98C3449109}.RelWithDebInfo|Win32.Build.0 = RelWithDebInfo|Win32
		{B6125CB2-1AF6-3B9D-85FB-B1553AF1E517}.Debug|Win32.ActiveCfg = Debug|Win32
		{B6125CB2-1AF6-3B9D-85FB-B1553AF1E517}.Debug|Win32.Build.0 = Debug|Win32
		{B6125CB2-1AF6-3B9D-85FB-B1553AF1E517}.Release|Win32.ActiveCfg = Release|Win32
		{B6125CB2-1AF6-3B9D-85FB-B1553AF1E517}.Release|Win32.Build.0 = Release|Win32
		{B6125CB2-1AF6-3B9D-85FB-B1553AF1E517}.MinSizeRel|Win32.ActiveCfg = MinSizeRel|Win32
		{B6125CB2-1AF6-3B9D-85FB-B1553AF1E517}.MinSizeRel|Win32.Build.0 = MinSizeRel|Win32
		{B6125CB2-1AF6-3B9D-85FB-B1553AF1E517}.RelWithDebInfo|Win32.ActiveCfg = RelWithDebInfo|Win32
		{B6125CB2-1AF6-3B9D-85FB-B1553AF1E517}.RelWithDebInfo|Win32.Build.0 = RelWithDebInfo|Win32
		{A79BDEC1-4BFD-33EC-A9CA-4C2915B22E08}.Debug|Win32.ActiveCfg = Debug|Win32
		{A79BDEC1-4BFD-33EC-A9CA-4C2915B22E08}.Debug|Win32.Build.0 = Debug|Win32
		{A79BDEC1-4BFD-33EC-A9CA-4C2915B22E08}.Release|Win32.ActiveCfg = Release|Win32
		{A79BDEC1-4BFD-33EC-A9CA-4C2915B22E08}.Release|Win32.Build.0 = Release|Win32
		{A79BDEC1-4BFD-33EC-A9CA-4C2915B22E08}.MinSizeRel|Win32.ActiveCfg = MinSizeRel|Win32
		{A79BDEC1-4BFD-33EC-A9CA-4C2915B22E08}.MinSizeRel|Win32.Build.0 = MinSizeRel|Win32
		{A79BDEC1-4BFD-33EC-A9CA-4C2915B22E08}.RelWithDebInfo|Win32.ActiveCfg = RelWithDebInfo|Win32
		{A79BDEC1-4BFD-33EC-A9CA-4C2915B22E08}.RelWithDebInfo|Win32.Build.0 = RelWithDebInfo|Win32
		{47173E4C-43E2-320B-B609-AEFE33C719A2}.Debug|Win32.ActiveCfg = Debug|Win32
		{47173E4C-43E2-320B-B609-AEFE33C719A2}.Debug|Win32.Build.0 = Debug|Win32
		{47173E4C-43E2-320B-B609-AEFE33C719A2}.Release|Win32.ActiveCfg = Release|Win32
		{47173E4C-43E2-320B-B609-AEFE33C719A2}.Release|Win32.Build.0 = Release|Win32
		{47173E4C-43E2-320B-B609-AEFE33C719A2}.MinSizeRel|Win32.ActiveCfg = MinSizeRel|Win32
		{47173E4C-43E2-320B-B609-AEFE33C719A2}.MinSizeRel|Win32.Build.0 = MinSizeRel|Win32
		{47173E4C-43E2-320B-B609-AEFE33C719A2}.RelWithDebInfo|Win32.ActiveCfg = RelWithDebInfo|Win32
		{47173E4C-43E2-320B-B609-AEFE33C719A2}.RelWithDebInfo|Win32.Build.0 = RelWithDebInfo|Win32
		{C266FCE8-90D1-3259-A587-44C5DA424547}.Debug|Win32.ActiveCfg = Debug|Win32
		{C266FCE8-90D1-3259-A587-44C5DA424547}.Debug|Win32.Build.0 = Debug|Win32
		{C266FCE8-90D1-3259-A587-44C5DA424547}.Release|Win32.ActiveCfg = Release|Win32
		{C266FCE8-90D1-3259-A587-44C5DA424547}.Release|Win32.Build.0 = Release|Win32
		{C266FCE8-90D1-3259-A587-44C5DA424547}.MinSizeRel|Win32.ActiveCfg = MinSizeRel|Win32
		{C266FCE8-90D1-3259-A587-44C5DA424547}.MinSizeRel|Win32.Build.0 = MinSizeRel|Win32
		{C266FCE8-90D1-3259-A587-44C5DA424547}.RelWithDebInfo|Win32.ActiveCfg = RelWithDebInfo|Win32
		{C266FCE8-90D1-3259-A587-44C5DA424547}.RelWithDebInfo|Win32.Build.0 = RelWithDebInfo|Win32
		{616F1961-942B-318B-BF72-E0B21CDAFBAA}.Debug|Win32.ActiveCfg = Debug|Win32
		{616F1961-942B-318B-BF72-E0B21CDAFBAA}.Debug|Win32.Build.0 = Debug|Win32
		{616F1961-942B-318B-BF72-E0B21CDAFBAA}.Release|Win32.ActiveCfg = Release|Win32
		{616F1961-942B-318B-BF72-E0B21CDAFBAA}.Release|Win32.Build.0 = Release|Win32
		{616F1961-942B-318B-BF72-E0B21CDAFBAA}.MinSizeRel|Win32.ActiveCfg = MinSizeRel|Win32
		{616F1961-942B-318B-BF72-E0B21CDAFBAA}.MinSizeRel|Win32.Build.0 = MinSizeRel|Win32
		{616F1961-942B-318B-BF72-E0B21CDAFBAA}.RelWithDebInfo|Win32.ActiveCfg = RelWithDebInfo|Win32
		{616F1961-942B-318B-BF72-E0B21CDAFBAA}.RelWithDebInfo|Win32.Build.0 = RelWithDebInfo|Win32
		{A8F30942-8F12-348D-BC66-19C3C8A5FDA3}.Debug|Win32.ActiveCfg = Debug|Win32
		{A8F30942-8F12-348D-BC66-19C3C8A5FDA3}.Debug|Win32.Build.0 = Debug|Win32
		{A8F30942-8F12-348D-BC66-19C3C8A5FDA3}.Release|Win32.ActiveCfg = Release|Win32
		{A8F30942-8F12-348D-BC66-19C3C8A5FDA3}.Release|Win32.Build.0 = Release|Win32
		{A8F30942-8F12-348D-BC66-19C3C8A5FDA3}.MinSizeRel|Win32.ActiveCfg = MinSizeRel|Win32
		{A8F30942-8F12-348D-BC66-19C3C8A5FDA3}.MinSizeRel|Win32.Build.0 = MinSizeRel|Win32
		{A8F30942-8F12-348D-BC66-19C3C8A5FDA3}.RelWithDebInfo|Win32.ActiveCfg = RelWithDebInfo|Win32
		{A8F30942-8F12-348D-BC66-19C3C8A5FDA3}.RelWithDebInfo|Win32.Build.0 = RelWithDebInfo|Win32
		{11195B27-44D9-385F-9DC2-4239844F30D6}.Debug|Win32.ActiveCfg = Debug|Win32
		{11195B27-44D9-385F-9DC2-4239844F30D6}.Debug|Win32.Build.0 = Debug|Win32
		{11195B27-44D9-385F-9DC2-4239844F30D6}.Release|Win32.ActiveCfg = Release|Win32
		{11195B27-44D9-385F-9DC2-4239844F30D6}.Release|Win32.Build.0 = Release|Win32
		{11195B27-44D9-385F-9DC2-4239844F30D6}.MinSizeRel|Win32.ActiveCfg = MinSizeRel|Win32
		{11195B27-44D9-385F-9DC2-4239844F30D6}.MinSizeRel|Win32.Build.0 = MinSizeRel|Win32
		{11195B27-44D9-385F-9DC2-4239844F30D6}.RelWithDebInfo|Win32.ActiveCfg = RelWithDebInfo|Win32
		{11195B27-44D9-385F-9DC2-4239844F30D6}.RelWithDebInfo|Win32.Build.0 = RelWithDebInfo|Win32
		{2CC6CE81-E318-39E8-A84F-ECE0B94EEEEB}.Debug|Win32.ActiveCfg = Debug|Win32
		{2CC6CE81-E318-39E8-A84F-ECE0B94EEEEB}.Debug|Win32.Build.0 = Debug|Win32
		{2CC6CE81-E318-39E8-A84F-ECE0B94EEEEB}.Release|Win32.ActiveCfg = Release|Win32
		{2CC6CE81-E318-39E8-A84F-ECE0B94EEEEB}.Release|Win32.Build.0 = Release|Win32
		{2CC6CE81-E318-39E8-A84F-ECE0B94EEEEB}.MinSizeRel|Win32.ActiveCfg = MinSizeRel|Win32
		{2CC6CE81-E318-39E8-A84F-ECE0B94EEEEB}.MinSizeRel|Win32.Build.0 = MinSizeRel|Win32
		{2CC6CE81-E318-39E8-A84F-ECE0B94EEEEB}.RelWithDebInfo|Win32.ActiveCfg = RelWithDebInfo|Win32
		{2CC6CE81-E318-39E8-A84F-ECE0B94EEEEB}.RelWithDebInfo|Win32.Build.0 = RelWithDebInfo|Win32
		{BE145516-4130-3A73-BF65-FCDDD15DB706}.Debug|Win32.ActiveCfg = Debug|Win32
		{BE145516-4130-3A73-BF65-FCDDD15DB706}.Debug|Win32.Build.0 = Debug|Win32
		{BE145516-4130-3A73-BF65-FCDDD15DB706}.Release|Win32.ActiveCfg = Release|Win32
		{BE145516-4130-3A73-BF65-FCDDD15DB706}.Release|Win32.Build.0 = Release|Win32
		{BE145516-4130-3A73-BF65-FCDDD15DB706}.MinSizeRel|Win32.ActiveCfg = MinSizeRel|Win32
		{BE145516-4130-3A73-BF65-FCDDD15DB706}.MinSizeRel|Win32.Build.0 = MinSizeRel|Win32
		{BE145516-4130-3A73-BF65-FCDDD15DB706}.RelWithDebInfo|Win32.ActiveCfg = RelWithDebInfo|Win32
		{BE145516-4130-3A73-BF65-FCDDD15DB706}.RelWithDebInfo|Win32.Build.0 = RelWithDebInfo|Win32
		{8484AD90-92CA-323F-BEDC-DD22C2F34988}.Debug|Win32.ActiveCfg = Debug|Win32
		{8484AD90-92CA-323F-BEDC-DD22C2F34988}.Debug|Win32.Build.0 = Debug|Win32
		{8484AD90-92CA-323F-BEDC-DD22C2F34988}.Release|Win32.ActiveCfg = Release|Win32
		{8484AD90-92CA-323F-BEDC-DD22C2F34988}.Release|Win32.Build.0 = Release|Win32
		{8484AD90-92CA-323F-BEDC-DD22C2F34988}.MinSizeRel|Win32.ActiveCfg = MinSizeRel|Win32
		{8484AD90-92CA-323F-BEDC-DD22C2F34988}.MinSizeRel|Win32.Build.0 = MinSizeRel|Win32
		{8484AD90-92CA-323F-BEDC-DD22C2F34988}.RelWithDebInfo|Win32.ActiveCfg = RelWithDebInfo|Win32
		{8484AD90-92CA-323F-BEDC-DD22C2F34988}.RelWithDebInfo|Win32.Build.0 = RelWithDebInfo|Win32
		{0E93DBA0-5AB3-3CD8-8C5D-781B111B7729}.Debug|Win32.ActiveCfg = Debug|Win32
		{0E93DBA0-5AB3-3CD8-8C5D-781B111B7729}.Debug|Win32.Build.0 = Debug|Win32
		{0E93DBA0-5AB3-3CD8-8C5D-781B111B7729}.Release|Win32.ActiveCfg = Release|Win32
		{0E93DBA0-5AB3-3CD8-8C5D-781B111B7729}.Release|Win32.Build.0 = Release|Win32
		{0E93DBA0-5AB3-3CD8-8C5D-781B111B7729}.MinSizeRel|Win32.ActiveCfg = MinSizeRel|Win32
		{0E93DBA0-5AB3-3CD8-8C5D-781B111B7729}.MinSizeRel|Win32.Build.0 = MinSizeRel|Win32
		{0E93DBA0-5AB3-3CD8-8C5D-781B111B7729}.RelWithDebInfo|Win32.ActiveCfg = RelWithDebInfo|Win32
		{0E93DBA0-5AB3-3CD8-8C5D-781B111B7729}.RelWithDebInfo|Win32.Build.0 = RelWithDebInfo|Win32
	EndGlobalSection
	GlobalSection(NestedProjects) = preSolution
		{F0D564ED-0834-3895-9E41-94D6F3723EF6} = {235F5059-EE8E-380F-8D47-F220476106A5}
		{84AFCE33-18D4-3C9D-B35C-0314FD398A5D} = {235F5059-EE8E-380F-8D47-F220476106A5}
		{49887B5A-40BF-39D1-BD58-EA98C3449109} = {CD8AB05E-B135-36D5-9E66-3733642E4D89}
		{B6125CB2-1AF6-3B9D-85FB-B1553AF1E517} = {CD8AB05E-B135-36D5-9E66-3733642E4D89}
		{A79BDEC1-4BFD-33EC-A9CA-4C2915B22E08} = {CD8AB05E-B135-36D5-9E66-3733642E4D89}
		{47173E4C-43E2-320B-B609-AEFE33C719A2} = {CD8AB05E-B135-36D5-9E66-3733642E4D89}
		{C266FCE8-90D1-3259-A587-44C5DA424547} = {CD8AB05E-B135-36D5-9E66-3733642E4D89}
		{616F1961-942B-318B-BF72-E0B21CDAFBAA} = {CD8AB05E-B135-36D5-9E66-3733642E4D89}
		{A8F30942-8F12-348D-BC66-19C3C8A5FDA3} = {CD8AB05E-B135-36D5-9E66-3733642E4D89}
		{11195B27-44D9-385F-9DC2-4239844F30D6} = {CD8AB05E-B135-36D5-9E66-3733642E4D89}
		{2CC6CE81-E318-39E8-A84F-ECE0B94EEEEB} = {CD8AB05E-B135-36D5-9E66-3733642E4D89}
		{BE145516-4130-3A73-BF65-FCDDD15DB706} = {CD8AB05E-B135-36D5-9E66-3733642E4D89}
		{8484AD90-92CA-323F-BEDC-DD22C2F34988} = {CD8AB05E-B135-36D5-9E66-3733642E4D89}
		{BCBA8F5C-E450-33DC-9B28-5968F94AFAB7} = {FEB26EBF-5186-3A22-8309-B4B431F66DC8}
		{0FD5CA5A-D254-3A55-A28E-09258548566B} = {5038B07D-78DE-359F-97D3-BD36BF73DD5A}
	EndGlobalSection
	GlobalSection(ExtensibilityGlobals) = postSolution
		SolutionGuid = {4314E548-A28E-38F3-BBCA-99DB79851BB0}
	EndGlobalSection
	GlobalSection(ExtensibilityAddIns) = postSolution
	EndGlobalSection
EndGlobal
