<?xml version="1.0" encoding="utf-8"?>
<Project ToolsVersion="17.0" xmlns="http://schemas.microsoft.com/developer/msbuild/2003">
  <ItemGroup>
    <CustomBuild Include="E:\mycocos2d-x\CocosStudio-Study\proj.win32\CMakeFiles\f91b8f46d696892ca7ea6070ef717e54\generate.stamp.rule">
      <Filter>CMake Rules</Filter>
    </CustomBuild>
  </ItemGroup>
  <ItemGroup>
    <Filter Include="CMake Rules">
      <UniqueIdentifier>{F280B607-3787-3BE7-BC8A-CF89EC1EF0E4}</UniqueIdentifier>
    </Filter>
  </ItemGroup>
</Project>
