
Microsoft Visual Studio Solution File, Format Version 12.00
# Visual Studio Version 17
Project("{2150E333-8FDC-42A3-9474-1A3956D46DE8}") = "CMakePredefinedTargets", "CMakePredefinedTargets", "{C2D543C7-2407-3931-A19C-EB2E33083E1F}"
EndProject
Project("{2150E333-8FDC-42A3-9474-1A3956D46DE8}") = "External", "External", "{619A50DD-208E-3B84-8C8C-3C54BC46DEFB}"
EndProject
Project("{2150E333-8FDC-42A3-9474-1A3956D46DE8}") = "Internal", "Internal", "{0D0B792F-63CC-3126-88C8-7A78D4FACBD7}"
EndProject
Project("{8BC9CEB8-8B4A-11D0-8D11-00A0C91BC942}") = "ALL_BUILD", "ALL_BUILD.vcxproj", "{D7E5F922-5BCE-38C8-BDE4-1F57A497A3EC}"
	ProjectSection(ProjectDependencies) = postProject
		{A2DB5D87-D3F3-3985-A383-877EEF983CFC} = {A2DB5D87-D3F3-3985-A383-877EEF983CFC}
		{0863A4C7-2F9C-3A9C-A314-FE0399DEFD9D} = {0863A4C7-2F9C-3A9C-A314-FE0399DEFD9D}
		{5174F32F-D96D-39F9-9D67-2296D008776B} = {5174F32F-D96D-39F9-9D67-2296D008776B}
		{8CE01043-A147-3C71-9CB8-F35A2BA578C1} = {8CE01043-A147-3C71-9CB8-F35A2BA578C1}
		{3E867153-D3C7-3113-B40C-CBCB595AB802} = {3E867153-D3C7-3113-B40C-CBCB595AB802}
		{AAA6B39A-9485-39B5-B38D-512814DC56D6} = {AAA6B39A-9485-39B5-B38D-512814DC56D6}
		{0A655B56-AE16-3219-B37B-5C72CD855313} = {0A655B56-AE16-3219-B37B-5C72CD855313}
		{7AD7E197-CFC7-34EB-A07B-EDD79028946B} = {7AD7E197-CFC7-34EB-A07B-EDD79028946B}
		{0F17D01A-2DD6-391B-B3EB-062B36577853} = {0F17D01A-2DD6-391B-B3EB-062B36577853}
		{7970B9D8-5C4B-3040-B129-931B061DB113} = {7970B9D8-5C4B-3040-B129-931B061DB113}
		{7CD56116-DF94-3A53-B097-23600933740A} = {7CD56116-DF94-3A53-B097-23600933740A}
		{7EAC90B0-EAD0-321F-A066-0B1A24A68DFC} = {7EAC90B0-EAD0-321F-A066-0B1A24A68DFC}
		{6BD95E2C-355F-38B6-AE8C-C1D8D7ECB070} = {6BD95E2C-355F-38B6-AE8C-C1D8D7ECB070}
	EndProjectSection
EndProject
Project("{8BC9CEB8-8B4A-11D0-8D11-00A0C91BC942}") = "ZERO_CHECK", "..\..\..\\ZERO_CHECK.vcxproj", "{A2DB5D87-D3F3-3985-A383-877EEF983CFC}"
	ProjectSection(ProjectDependencies) = postProject
	EndProjectSection
EndProject
Project("{8BC9CEB8-8B4A-11D0-8D11-00A0C91BC942}") = "cocos2d", "cocos2d.vcxproj", "{0863A4C7-2F9C-3A9C-A314-FE0399DEFD9D}"
	ProjectSection(ProjectDependencies) = postProject
		{A2DB5D87-D3F3-3985-A383-877EEF983CFC} = {A2DB5D87-D3F3-3985-A383-877EEF983CFC}
		{5174F32F-D96D-39F9-9D67-2296D008776B} = {5174F32F-D96D-39F9-9D67-2296D008776B}
		{8CE01043-A147-3C71-9CB8-F35A2BA578C1} = {8CE01043-A147-3C71-9CB8-F35A2BA578C1}
		{3E867153-D3C7-3113-B40C-CBCB595AB802} = {3E867153-D3C7-3113-B40C-CBCB595AB802}
		{AAA6B39A-9485-39B5-B38D-512814DC56D6} = {AAA6B39A-9485-39B5-B38D-512814DC56D6}
		{0A655B56-AE16-3219-B37B-5C72CD855313} = {0A655B56-AE16-3219-B37B-5C72CD855313}
		{7AD7E197-CFC7-34EB-A07B-EDD79028946B} = {7AD7E197-CFC7-34EB-A07B-EDD79028946B}
		{0F17D01A-2DD6-391B-B3EB-062B36577853} = {0F17D01A-2DD6-391B-B3EB-062B36577853}
		{7970B9D8-5C4B-3040-B129-931B061DB113} = {7970B9D8-5C4B-3040-B129-931B061DB113}
		{7CD56116-DF94-3A53-B097-23600933740A} = {7CD56116-DF94-3A53-B097-23600933740A}
		{7EAC90B0-EAD0-321F-A066-0B1A24A68DFC} = {7EAC90B0-EAD0-321F-A066-0B1A24A68DFC}
		{6BD95E2C-355F-38B6-AE8C-C1D8D7ECB070} = {6BD95E2C-355F-38B6-AE8C-C1D8D7ECB070}
	EndProjectSection
EndProject
Project("{8BC9CEB8-8B4A-11D0-8D11-00A0C91BC942}") = "ext_clipper", "..\..\external\clipper\ext_clipper.vcxproj", "{5174F32F-D96D-39F9-9D67-2296D008776B}"
	ProjectSection(ProjectDependencies) = postProject
		{A2DB5D87-D3F3-3985-A383-877EEF983CFC} = {A2DB5D87-D3F3-3985-A383-877EEF983CFC}
	EndProjectSection
EndProject
Project("{8BC9CEB8-8B4A-11D0-8D11-00A0C91BC942}") = "ext_convertUTF", "..\..\external\ConvertUTF\ext_convertUTF.vcxproj", "{8CE01043-A147-3C71-9CB8-F35A2BA578C1}"
	ProjectSection(ProjectDependencies) = postProject
		{A2DB5D87-D3F3-3985-A383-877EEF983CFC} = {A2DB5D87-D3F3-3985-A383-877EEF983CFC}
	EndProjectSection
EndProject
Project("{8BC9CEB8-8B4A-11D0-8D11-00A0C91BC942}") = "ext_edtaa3func", "..\..\external\edtaa3func\ext_edtaa3func.vcxproj", "{3E867153-D3C7-3113-B40C-CBCB595AB802}"
	ProjectSection(ProjectDependencies) = postProject
		{A2DB5D87-D3F3-3985-A383-877EEF983CFC} = {A2DB5D87-D3F3-3985-A383-877EEF983CFC}
	EndProjectSection
EndProject
Project("{8BC9CEB8-8B4A-11D0-8D11-00A0C91BC942}") = "ext_md5", "..\..\external\md5\ext_md5.vcxproj", "{AAA6B39A-9485-39B5-B38D-512814DC56D6}"
	ProjectSection(ProjectDependencies) = postProject
		{A2DB5D87-D3F3-3985-A383-877EEF983CFC} = {A2DB5D87-D3F3-3985-A383-877EEF983CFC}
	EndProjectSection
EndProject
Project("{8BC9CEB8-8B4A-11D0-8D11-00A0C91BC942}") = "ext_poly2tri", "..\..\external\poly2tri\ext_poly2tri.vcxproj", "{0A655B56-AE16-3219-B37B-5C72CD855313}"
	ProjectSection(ProjectDependencies) = postProject
		{A2DB5D87-D3F3-3985-A383-877EEF983CFC} = {A2DB5D87-D3F3-3985-A383-877EEF983CFC}
	EndProjectSection
EndProject
Project("{8BC9CEB8-8B4A-11D0-8D11-00A0C91BC942}") = "ext_recast", "..\..\external\recast\ext_recast.vcxproj", "{7AD7E197-CFC7-34EB-A07B-EDD79028946B}"
	ProjectSection(ProjectDependencies) = postProject
		{A2DB5D87-D3F3-3985-A383-877EEF983CFC} = {A2DB5D87-D3F3-3985-A383-877EEF983CFC}
	EndProjectSection
EndProject
Project("{8BC9CEB8-8B4A-11D0-8D11-00A0C91BC942}") = "ext_tinyxml2", "..\..\external\tinyxml2\ext_tinyxml2.vcxproj", "{0F17D01A-2DD6-391B-B3EB-062B36577853}"
	ProjectSection(ProjectDependencies) = postProject
		{A2DB5D87-D3F3-3985-A383-877EEF983CFC} = {A2DB5D87-D3F3-3985-A383-877EEF983CFC}
	EndProjectSection
EndProject
Project("{8BC9CEB8-8B4A-11D0-8D11-00A0C91BC942}") = "ext_unzip", "..\..\external\unzip\ext_unzip.vcxproj", "{7970B9D8-5C4B-3040-B129-931B061DB113}"
	ProjectSection(ProjectDependencies) = postProject
		{A2DB5D87-D3F3-3985-A383-877EEF983CFC} = {A2DB5D87-D3F3-3985-A383-877EEF983CFC}
	EndProjectSection
EndProject
Project("{8BC9CEB8-8B4A-11D0-8D11-00A0C91BC942}") = "ext_xxhash", "..\..\external\xxhash\ext_xxhash.vcxproj", "{7CD56116-DF94-3A53-B097-23600933740A}"
	ProjectSection(ProjectDependencies) = postProject
		{A2DB5D87-D3F3-3985-A383-877EEF983CFC} = {A2DB5D87-D3F3-3985-A383-877EEF983CFC}
	EndProjectSection
EndProject
Project("{8BC9CEB8-8B4A-11D0-8D11-00A0C91BC942}") = "ext_xxtea", "..\..\external\xxtea\ext_xxtea.vcxproj", "{7EAC90B0-EAD0-321F-A066-0B1A24A68DFC}"
	ProjectSection(ProjectDependencies) = postProject
		{A2DB5D87-D3F3-3985-A383-877EEF983CFC} = {A2DB5D87-D3F3-3985-A383-877EEF983CFC}
	EndProjectSection
EndProject
Project("{8BC9CEB8-8B4A-11D0-8D11-00A0C91BC942}") = "external", "..\..\external\external.vcxproj", "{6BD95E2C-355F-38B6-AE8C-C1D8D7ECB070}"
	ProjectSection(ProjectDependencies) = postProject
		{A2DB5D87-D3F3-3985-A383-877EEF983CFC} = {A2DB5D87-D3F3-3985-A383-877EEF983CFC}
		{5174F32F-D96D-39F9-9D67-2296D008776B} = {5174F32F-D96D-39F9-9D67-2296D008776B}
		{8CE01043-A147-3C71-9CB8-F35A2BA578C1} = {8CE01043-A147-3C71-9CB8-F35A2BA578C1}
		{3E867153-D3C7-3113-B40C-CBCB595AB802} = {3E867153-D3C7-3113-B40C-CBCB595AB802}
		{AAA6B39A-9485-39B5-B38D-512814DC56D6} = {AAA6B39A-9485-39B5-B38D-512814DC56D6}
		{0A655B56-AE16-3219-B37B-5C72CD855313} = {0A655B56-AE16-3219-B37B-5C72CD855313}
		{7AD7E197-CFC7-34EB-A07B-EDD79028946B} = {7AD7E197-CFC7-34EB-A07B-EDD79028946B}
		{0F17D01A-2DD6-391B-B3EB-062B36577853} = {0F17D01A-2DD6-391B-B3EB-062B36577853}
		{7970B9D8-5C4B-3040-B129-931B061DB113} = {7970B9D8-5C4B-3040-B129-931B061DB113}
		{7CD56116-DF94-3A53-B097-23600933740A} = {7CD56116-DF94-3A53-B097-23600933740A}
		{7EAC90B0-EAD0-321F-A066-0B1A24A68DFC} = {7EAC90B0-EAD0-321F-A066-0B1A24A68DFC}
	EndProjectSection
EndProject
Global
	GlobalSection(SolutionConfigurationPlatforms) = preSolution
		Debug|Win32 = Debug|Win32
		Release|Win32 = Release|Win32
		MinSizeRel|Win32 = MinSizeRel|Win32
		RelWithDebInfo|Win32 = RelWithDebInfo|Win32
	EndGlobalSection
	GlobalSection(ProjectConfigurationPlatforms) = postSolution
		{D7E5F922-5BCE-38C8-BDE4-1F57A497A3EC}.Debug|Win32.ActiveCfg = Debug|Win32
		{D7E5F922-5BCE-38C8-BDE4-1F57A497A3EC}.Release|Win32.ActiveCfg = Release|Win32
		{D7E5F922-5BCE-38C8-BDE4-1F57A497A3EC}.MinSizeRel|Win32.ActiveCfg = MinSizeRel|Win32
		{D7E5F922-5BCE-38C8-BDE4-1F57A497A3EC}.RelWithDebInfo|Win32.ActiveCfg = RelWithDebInfo|Win32
		{A2DB5D87-D3F3-3985-A383-877EEF983CFC}.Debug|Win32.ActiveCfg = Debug|Win32
		{A2DB5D87-D3F3-3985-A383-877EEF983CFC}.Debug|Win32.Build.0 = Debug|Win32
		{A2DB5D87-D3F3-3985-A383-877EEF983CFC}.Release|Win32.ActiveCfg = Release|Win32
		{A2DB5D87-D3F3-3985-A383-877EEF983CFC}.Release|Win32.Build.0 = Release|Win32
		{A2DB5D87-D3F3-3985-A383-877EEF983CFC}.MinSizeRel|Win32.ActiveCfg = MinSizeRel|Win32
		{A2DB5D87-D3F3-3985-A383-877EEF983CFC}.MinSizeRel|Win32.Build.0 = MinSizeRel|Win32
		{A2DB5D87-D3F3-3985-A383-877EEF983CFC}.RelWithDebInfo|Win32.ActiveCfg = RelWithDebInfo|Win32
		{A2DB5D87-D3F3-3985-A383-877EEF983CFC}.RelWithDebInfo|Win32.Build.0 = RelWithDebInfo|Win32
		{0863A4C7-2F9C-3A9C-A314-FE0399DEFD9D}.Debug|Win32.ActiveCfg = Debug|Win32
		{0863A4C7-2F9C-3A9C-A314-FE0399DEFD9D}.Debug|Win32.Build.0 = Debug|Win32
		{0863A4C7-2F9C-3A9C-A314-FE0399DEFD9D}.Release|Win32.ActiveCfg = Release|Win32
		{0863A4C7-2F9C-3A9C-A314-FE0399DEFD9D}.Release|Win32.Build.0 = Release|Win32
		{0863A4C7-2F9C-3A9C-A314-FE0399DEFD9D}.MinSizeRel|Win32.ActiveCfg = MinSizeRel|Win32
		{0863A4C7-2F9C-3A9C-A314-FE0399DEFD9D}.MinSizeRel|Win32.Build.0 = MinSizeRel|Win32
		{0863A4C7-2F9C-3A9C-A314-FE0399DEFD9D}.RelWithDebInfo|Win32.ActiveCfg = RelWithDebInfo|Win32
		{0863A4C7-2F9C-3A9C-A314-FE0399DEFD9D}.RelWithDebInfo|Win32.Build.0 = RelWithDebInfo|Win32
		{5174F32F-D96D-39F9-9D67-2296D008776B}.Debug|Win32.ActiveCfg = Debug|Win32
		{5174F32F-D96D-39F9-9D67-2296D008776B}.Debug|Win32.Build.0 = Debug|Win32
		{5174F32F-D96D-39F9-9D67-2296D008776B}.Release|Win32.ActiveCfg = Release|Win32
		{5174F32F-D96D-39F9-9D67-2296D008776B}.Release|Win32.Build.0 = Release|Win32
		{5174F32F-D96D-39F9-9D67-2296D008776B}.MinSizeRel|Win32.ActiveCfg = MinSizeRel|Win32
		{5174F32F-D96D-39F9-9D67-2296D008776B}.MinSizeRel|Win32.Build.0 = MinSizeRel|Win32
		{5174F32F-D96D-39F9-9D67-2296D008776B}.RelWithDebInfo|Win32.ActiveCfg = RelWithDebInfo|Win32
		{5174F32F-D96D-39F9-9D67-2296D008776B}.RelWithDebInfo|Win32.Build.0 = RelWithDebInfo|Win32
		{8CE01043-A147-3C71-9CB8-F35A2BA578C1}.Debug|Win32.ActiveCfg = Debug|Win32
		{8CE01043-A147-3C71-9CB8-F35A2BA578C1}.Debug|Win32.Build.0 = Debug|Win32
		{8CE01043-A147-3C71-9CB8-F35A2BA578C1}.Release|Win32.ActiveCfg = Release|Win32
		{8CE01043-A147-3C71-9CB8-F35A2BA578C1}.Release|Win32.Build.0 = Release|Win32
		{8CE01043-A147-3C71-9CB8-F35A2BA578C1}.MinSizeRel|Win32.ActiveCfg = MinSizeRel|Win32
		{8CE01043-A147-3C71-9CB8-F35A2BA578C1}.MinSizeRel|Win32.Build.0 = MinSizeRel|Win32
		{8CE01043-A147-3C71-9CB8-F35A2BA578C1}.RelWithDebInfo|Win32.ActiveCfg = RelWithDebInfo|Win32
		{8CE01043-A147-3C71-9CB8-F35A2BA578C1}.RelWithDebInfo|Win32.Build.0 = RelWithDebInfo|Win32
		{3E867153-D3C7-3113-B40C-CBCB595AB802}.Debug|Win32.ActiveCfg = Debug|Win32
		{3E867153-D3C7-3113-B40C-CBCB595AB802}.Debug|Win32.Build.0 = Debug|Win32
		{3E867153-D3C7-3113-B40C-CBCB595AB802}.Release|Win32.ActiveCfg = Release|Win32
		{3E867153-D3C7-3113-B40C-CBCB595AB802}.Release|Win32.Build.0 = Release|Win32
		{3E867153-D3C7-3113-B40C-CBCB595AB802}.MinSizeRel|Win32.ActiveCfg = MinSizeRel|Win32
		{3E867153-D3C7-3113-B40C-CBCB595AB802}.MinSizeRel|Win32.Build.0 = MinSizeRel|Win32
		{3E867153-D3C7-3113-B40C-CBCB595AB802}.RelWithDebInfo|Win32.ActiveCfg = RelWithDebInfo|Win32
		{3E867153-D3C7-3113-B40C-CBCB595AB802}.RelWithDebInfo|Win32.Build.0 = RelWithDebInfo|Win32
		{AAA6B39A-9485-39B5-B38D-512814DC56D6}.Debug|Win32.ActiveCfg = Debug|Win32
		{AAA6B39A-9485-39B5-B38D-512814DC56D6}.Debug|Win32.Build.0 = Debug|Win32
		{AAA6B39A-9485-39B5-B38D-512814DC56D6}.Release|Win32.ActiveCfg = Release|Win32
		{AAA6B39A-9485-39B5-B38D-512814DC56D6}.Release|Win32.Build.0 = Release|Win32
		{AAA6B39A-9485-39B5-B38D-512814DC56D6}.MinSizeRel|Win32.ActiveCfg = MinSizeRel|Win32
		{AAA6B39A-9485-39B5-B38D-512814DC56D6}.MinSizeRel|Win32.Build.0 = MinSizeRel|Win32
		{AAA6B39A-9485-39B5-B38D-512814DC56D6}.RelWithDebInfo|Win32.ActiveCfg = RelWithDebInfo|Win32
		{AAA6B39A-9485-39B5-B38D-512814DC56D6}.RelWithDebInfo|Win32.Build.0 = RelWithDebInfo|Win32
		{0A655B56-AE16-3219-B37B-5C72CD855313}.Debug|Win32.ActiveCfg = Debug|Win32
		{0A655B56-AE16-3219-B37B-5C72CD855313}.Debug|Win32.Build.0 = Debug|Win32
		{0A655B56-AE16-3219-B37B-5C72CD855313}.Release|Win32.ActiveCfg = Release|Win32
		{0A655B56-AE16-3219-B37B-5C72CD855313}.Release|Win32.Build.0 = Release|Win32
		{0A655B56-AE16-3219-B37B-5C72CD855313}.MinSizeRel|Win32.ActiveCfg = MinSizeRel|Win32
		{0A655B56-AE16-3219-B37B-5C72CD855313}.MinSizeRel|Win32.Build.0 = MinSizeRel|Win32
		{0A655B56-AE16-3219-B37B-5C72CD855313}.RelWithDebInfo|Win32.ActiveCfg = RelWithDebInfo|Win32
		{0A655B56-AE16-3219-B37B-5C72CD855313}.RelWithDebInfo|Win32.Build.0 = RelWithDebInfo|Win32
		{7AD7E197-CFC7-34EB-A07B-EDD79028946B}.Debug|Win32.ActiveCfg = Debug|Win32
		{7AD7E197-CFC7-34EB-A07B-EDD79028946B}.Debug|Win32.Build.0 = Debug|Win32
		{7AD7E197-CFC7-34EB-A07B-EDD79028946B}.Release|Win32.ActiveCfg = Release|Win32
		{7AD7E197-CFC7-34EB-A07B-EDD79028946B}.Release|Win32.Build.0 = Release|Win32
		{7AD7E197-CFC7-34EB-A07B-EDD79028946B}.MinSizeRel|Win32.ActiveCfg = MinSizeRel|Win32
		{7AD7E197-CFC7-34EB-A07B-EDD79028946B}.MinSizeRel|Win32.Build.0 = MinSizeRel|Win32
		{7AD7E197-CFC7-34EB-A07B-EDD79028946B}.RelWithDebInfo|Win32.ActiveCfg = RelWithDebInfo|Win32
		{7AD7E197-CFC7-34EB-A07B-EDD79028946B}.RelWithDebInfo|Win32.Build.0 = RelWithDebInfo|Win32
		{0F17D01A-2DD6-391B-B3EB-062B36577853}.Debug|Win32.ActiveCfg = Debug|Win32
		{0F17D01A-2DD6-391B-B3EB-062B36577853}.Debug|Win32.Build.0 = Debug|Win32
		{0F17D01A-2DD6-391B-B3EB-062B36577853}.Release|Win32.ActiveCfg = Release|Win32
		{0F17D01A-2DD6-391B-B3EB-062B36577853}.Release|Win32.Build.0 = Release|Win32
		{0F17D01A-2DD6-391B-B3EB-062B36577853}.MinSizeRel|Win32.ActiveCfg = MinSizeRel|Win32
		{0F17D01A-2DD6-391B-B3EB-062B36577853}.MinSizeRel|Win32.Build.0 = MinSizeRel|Win32
		{0F17D01A-2DD6-391B-B3EB-062B36577853}.RelWithDebInfo|Win32.ActiveCfg = RelWithDebInfo|Win32
		{0F17D01A-2DD6-391B-B3EB-062B36577853}.RelWithDebInfo|Win32.Build.0 = RelWithDebInfo|Win32
		{7970B9D8-5C4B-3040-B129-931B061DB113}.Debug|Win32.ActiveCfg = Debug|Win32
		{7970B9D8-5C4B-3040-B129-931B061DB113}.Debug|Win32.Build.0 = Debug|Win32
		{7970B9D8-5C4B-3040-B129-931B061DB113}.Release|Win32.ActiveCfg = Release|Win32
		{7970B9D8-5C4B-3040-B129-931B061DB113}.Release|Win32.Build.0 = Release|Win32
		{7970B9D8-5C4B-3040-B129-931B061DB113}.MinSizeRel|Win32.ActiveCfg = MinSizeRel|Win32
		{7970B9D8-5C4B-3040-B129-931B061DB113}.MinSizeRel|Win32.Build.0 = MinSizeRel|Win32
		{7970B9D8-5C4B-3040-B129-931B061DB113}.RelWithDebInfo|Win32.ActiveCfg = RelWithDebInfo|Win32
		{7970B9D8-5C4B-3040-B129-931B061DB113}.RelWithDebInfo|Win32.Build.0 = RelWithDebInfo|Win32
		{7CD56116-DF94-3A53-B097-23600933740A}.Debug|Win32.ActiveCfg = Debug|Win32
		{7CD56116-DF94-3A53-B097-23600933740A}.Debug|Win32.Build.0 = Debug|Win32
		{7CD56116-DF94-3A53-B097-23600933740A}.Release|Win32.ActiveCfg = Release|Win32
		{7CD56116-DF94-3A53-B097-23600933740A}.Release|Win32.Build.0 = Release|Win32
		{7CD56116-DF94-3A53-B097-23600933740A}.MinSizeRel|Win32.ActiveCfg = MinSizeRel|Win32
		{7CD56116-DF94-3A53-B097-23600933740A}.MinSizeRel|Win32.Build.0 = MinSizeRel|Win32
		{7CD56116-DF94-3A53-B097-23600933740A}.RelWithDebInfo|Win32.ActiveCfg = RelWithDebInfo|Win32
		{7CD56116-DF94-3A53-B097-23600933740A}.RelWithDebInfo|Win32.Build.0 = RelWithDebInfo|Win32
		{7EAC90B0-EAD0-321F-A066-0B1A24A68DFC}.Debug|Win32.ActiveCfg = Debug|Win32
		{7EAC90B0-EAD0-321F-A066-0B1A24A68DFC}.Debug|Win32.Build.0 = Debug|Win32
		{7EAC90B0-EAD0-321F-A066-0B1A24A68DFC}.Release|Win32.ActiveCfg = Release|Win32
		{7EAC90B0-EAD0-321F-A066-0B1A24A68DFC}.Release|Win32.Build.0 = Release|Win32
		{7EAC90B0-EAD0-321F-A066-0B1A24A68DFC}.MinSizeRel|Win32.ActiveCfg = MinSizeRel|Win32
		{7EAC90B0-EAD0-321F-A066-0B1A24A68DFC}.MinSizeRel|Win32.Build.0 = MinSizeRel|Win32
		{7EAC90B0-EAD0-321F-A066-0B1A24A68DFC}.RelWithDebInfo|Win32.ActiveCfg = RelWithDebInfo|Win32
		{7EAC90B0-EAD0-321F-A066-0B1A24A68DFC}.RelWithDebInfo|Win32.Build.0 = RelWithDebInfo|Win32
		{6BD95E2C-355F-38B6-AE8C-C1D8D7ECB070}.Debug|Win32.ActiveCfg = Debug|Win32
		{6BD95E2C-355F-38B6-AE8C-C1D8D7ECB070}.Debug|Win32.Build.0 = Debug|Win32
		{6BD95E2C-355F-38B6-AE8C-C1D8D7ECB070}.Release|Win32.ActiveCfg = Release|Win32
		{6BD95E2C-355F-38B6-AE8C-C1D8D7ECB070}.Release|Win32.Build.0 = Release|Win32
		{6BD95E2C-355F-38B6-AE8C-C1D8D7ECB070}.MinSizeRel|Win32.ActiveCfg = MinSizeRel|Win32
		{6BD95E2C-355F-38B6-AE8C-C1D8D7ECB070}.MinSizeRel|Win32.Build.0 = MinSizeRel|Win32
		{6BD95E2C-355F-38B6-AE8C-C1D8D7ECB070}.RelWithDebInfo|Win32.ActiveCfg = RelWithDebInfo|Win32
		{6BD95E2C-355F-38B6-AE8C-C1D8D7ECB070}.RelWithDebInfo|Win32.Build.0 = RelWithDebInfo|Win32
	EndGlobalSection
	GlobalSection(NestedProjects) = preSolution
		{D7E5F922-5BCE-38C8-BDE4-1F57A497A3EC} = {C2D543C7-2407-3931-A19C-EB2E33083E1F}
		{A2DB5D87-D3F3-3985-A383-877EEF983CFC} = {C2D543C7-2407-3931-A19C-EB2E33083E1F}
		{5174F32F-D96D-39F9-9D67-2296D008776B} = {619A50DD-208E-3B84-8C8C-3C54BC46DEFB}
		{8CE01043-A147-3C71-9CB8-F35A2BA578C1} = {619A50DD-208E-3B84-8C8C-3C54BC46DEFB}
		{3E867153-D3C7-3113-B40C-CBCB595AB802} = {619A50DD-208E-3B84-8C8C-3C54BC46DEFB}
		{AAA6B39A-9485-39B5-B38D-512814DC56D6} = {619A50DD-208E-3B84-8C8C-3C54BC46DEFB}
		{0A655B56-AE16-3219-B37B-5C72CD855313} = {619A50DD-208E-3B84-8C8C-3C54BC46DEFB}
		{7AD7E197-CFC7-34EB-A07B-EDD79028946B} = {619A50DD-208E-3B84-8C8C-3C54BC46DEFB}
		{0F17D01A-2DD6-391B-B3EB-062B36577853} = {619A50DD-208E-3B84-8C8C-3C54BC46DEFB}
		{7970B9D8-5C4B-3040-B129-931B061DB113} = {619A50DD-208E-3B84-8C8C-3C54BC46DEFB}
		{7CD56116-DF94-3A53-B097-23600933740A} = {619A50DD-208E-3B84-8C8C-3C54BC46DEFB}
		{7EAC90B0-EAD0-321F-A066-0B1A24A68DFC} = {619A50DD-208E-3B84-8C8C-3C54BC46DEFB}
		{6BD95E2C-355F-38B6-AE8C-C1D8D7ECB070} = {619A50DD-208E-3B84-8C8C-3C54BC46DEFB}
		{0863A4C7-2F9C-3A9C-A314-FE0399DEFD9D} = {0D0B792F-63CC-3126-88C8-7A78D4FACBD7}
	EndGlobalSection
	GlobalSection(ExtensibilityGlobals) = postSolution
		SolutionGuid = {A9DCB81F-6FF7-3399-BDBE-DEBE11A75B40}
	EndGlobalSection
	GlobalSection(ExtensibilityAddIns) = postSolution
	EndGlobalSection
EndGlobal
